
Microsoft Visual Studio Solution File, Format Version 12.00
# Visual Studio 15
VisualStudioVersion = 15.0.28307.438
MinimumVisualStudioVersion = 10.0.40219.1
Project("{FAE04EC0-301F-11D3-BF4B-00C04F79EFBC}") = "ContosoUniversity", "ContosoUniversity\ContosoUniversity.csproj", "{F474DC3F-4D76-42D5-9E4D-36BBB9A32889}"
EndProject
Global
	GlobalSection(SolutionConfigurationPlatforms) = preSolution
		Debug|Any CPU = Debug|Any CPU
		Release|Any CPU = Release|Any CPU
	EndGlobalSection
	GlobalSection(ProjectConfigurationPlatforms) = postSolution
		{F474DC3F-4D76-42D5-9E4D-36BBB9A32889}.Debug|Any CPU.ActiveCfg = Debug|Any CPU
		{F474DC3F-4D76-42D5-9E4D-36BBB9A32889}.Debug|Any CPU.Build.0 = Debug|Any CPU
		{F474DC3F-4D76-42D5-9E4D-36BBB9A32889}.Release|Any CPU.ActiveCfg = Release|Any CPU
		{F474DC3F-4D76-42D5-9E4D-36BBB9A32889}.Release|Any CPU.Build.0 = Release|Any CPU
	EndGlobalSection
	GlobalSection(SolutionProperties) = preSolution
		HideSolutionNode = FALSE
	EndGlobalSection
	GlobalSection(ExtensibilityGlobals) = postSolution
		SolutionGuid = {77535CFB-3B97-4742-9730-8ECACE2768BE}
	EndGlobalSection
EndGlobal
